dependencies:
- name: api
  repository: file://./charts/api
  version: 0.1.0
- name: frontend
  repository: file://./charts/frontend
  version: 0.1.0
- name: postgresql
  repository: https://charts.bitnami.com/bitnami
  version: 13.2.30
digest: sha256:3a18bbeca6ea7f2d619593dee233e2b936ce8ba2929652bf016c93940f0d1d7c
generated: "2026-03-15T20:34:46.056211026+03:00"
