dependencies:
- name: api
  repository: file://./charts/api
  version: 0.1.0
- name: frontend
  repository: file://./charts/frontend
  version: 0.1.0
- name: postgresql
  repository: https://charts.bitnami.com/bitnami
  version: 13.2.24
digest: sha256:072580fc3c031dd9f5e781fe72e42168a14a59a0fd7aec69e16722a16a5a5e31
generated: "2026-03-15T18:16:41.949443993+03:00"
