dependencies:
- name: api
  repository: file://./charts/api
  version: 0.1.0
- name: frontend
  repository: file://./charts/frontend
  version: 0.1.0
- name: postgresql
  repository: file://./charts/postgresql
  version: 0.1.0
digest: sha256:b3362a18278da74ab7f49c0aeacde646374dc5933a2c3d385fed1b3260c16c3e
generated: "2026-03-16T15:46:07.70405618+03:00"
